
Microsoft Visual Studio Solution File, Format Version 12.00
# Visual Studio Version 16
VisualStudioVersion = 16.0.29613.14
MinimumVisualStudioVersion = 10.0.40219.1
Project("{FAE04EC0-301F-11D3-BF4B-00C04F79EFBC}") = "Lab1", "Lab1\Lab1.csproj", "{0005881E-3FF9-4246-8ABD-7B94A253EC28}"
EndProject
Global
	GlobalSection(SolutionConfigurationPlatforms) = preSolution
		Debug|Any CPU = Debug|Any CPU
		Release|Any CPU = Release|Any CPU
	EndGlobalSection
	GlobalSection(ProjectConfigurationPlatforms) = postSolution
		{0005881E-3FF9-4246-8ABD-7B94A253EC28}.Debug|Any CPU.ActiveCfg = Debug|Any CPU
		{0005881E-3FF9-4246-8ABD-7B94A253EC28}.Debug|Any CPU.Build.0 = Debug|Any CPU
		{0005881E-3FF9-4246-8ABD-7B94A253EC28}.Release|Any CPU.ActiveCfg = Release|Any CPU
		{0005881E-3FF9-4246-8ABD-7B94A253EC28}.Release|Any CPU.Build.0 = Release|Any CPU
	EndGlobalSection
	GlobalSection(SolutionProperties) = preSolution
		HideSolutionNode = FALSE
	EndGlobalSection
	GlobalSection(ExtensibilityGlobals) = postSolution
		SolutionGuid = {A0D1DF0B-8EA7-4C30-856F-F97D97D5864C}
	EndGlobalSection
EndGlobal
